
Microsoft Visual Studio Solution File, Format Version 12.00
# Visual Studio Version 17
VisualStudioVersion = 17.4.33213.308
MinimumVisualStudioVersion = 10.0.40219.1
Project("{FAE04EC0-301F-11D3-BF4B-00C04F79EFBC}") = "TestSystem", "TestSystem\TestSystem.csproj", "{7FDA0DD3-E7AB-4754-A844-56A218BD6C96}"
EndProject
Global
	GlobalSection(SolutionConfigurationPlatforms) = preSolution
		Debug|Any CPU = Debug|Any CPU
		Release|Any CPU = Release|Any CPU
	EndGlobalSection
	GlobalSection(ProjectConfigurationPlatforms) = postSolution
		{7FDA0DD3-E7AB-4754-A844-56A218BD6C96}.Debug|Any CPU.ActiveCfg = Debug|Any CPU
		{7FDA0DD3-E7AB-4754-A844-56A218BD6C96}.Debug|Any CPU.Build.0 = Debug|Any CPU
		{7FDA0DD3-E7AB-4754-A844-56A218BD6C96}.Release|Any CPU.ActiveCfg = Release|Any CPU
		{7FDA0DD3-E7AB-4754-A844-56A218BD6C96}.Release|Any CPU.Build.0 = Release|Any CPU
	EndGlobalSection
	GlobalSection(SolutionProperties) = preSolution
		HideSolutionNode = FALSE
	EndGlobalSection
	GlobalSection(ExtensibilityGlobals) = postSolution
		SolutionGuid = {11F1C867-A372-46CE-AEB7-D59DF8868C44}
	EndGlobalSection
EndGlobal
